
Microsoft Visual Studio Solution File, Format Version 12.00
# Visual Studio Version 16
VisualStudioVersion = 16.0.31911.196
MinimumVisualStudioVersion = 10.0.40219.1
Project("{2150E333-8FDC-42A3-9474-1A3956D46DE8}") = "UI", "UI", "{BDCA4A5C-BD21-4952-AD2D-0FF898C963EB}"
EndProject
Project("{2150E333-8FDC-42A3-9474-1A3956D46DE8}") = "Logic", "Logic", "{C6A1F4DA-6391-4350-A83E-B80DD24290EB}"
EndProject
Project("{2150E333-8FDC-42A3-9474-1A3956D46DE8}") = ".shared", ".shared", "{5736BBEA-1BC8-46C0-826A-F977C4ECC723}"
EndProject
Project("{FAE04EC0-301F-11D3-BF4B-00C04F79EFBC}") = "UI.Desktop", "UI\UI.Desktop\UI.Desktop.csproj", "{EF7C4044-51C6-448D-955C-288B7CFCAFB4}"
EndProject
Project("{FAE04EC0-301F-11D3-BF4B-00C04F79EFBC}") = "Logic.UI", "Logic\Logic.UI\Logic.UI.csproj", "{8B7C0242-8113-48DB-8FE3-6BE72B616679}"
EndProject
Global
	GlobalSection(SolutionConfigurationPlatforms) = preSolution
		Debug|Any CPU = Debug|Any CPU
		Release|Any CPU = Release|Any CPU
	EndGlobalSection
	GlobalSection(ProjectConfigurationPlatforms) = postSolution
		{EF7C4044-51C6-448D-955C-288B7CFCAFB4}.Debug|Any CPU.ActiveCfg = Debug|Any CPU
		{EF7C4044-51C6-448D-955C-288B7CFCAFB4}.Debug|Any CPU.Build.0 = Debug|Any CPU
		{EF7C4044-51C6-448D-955C-288B7CFCAFB4}.Release|Any CPU.ActiveCfg = Release|Any CPU
		{EF7C4044-51C6-448D-955C-288B7CFCAFB4}.Release|Any CPU.Build.0 = Release|Any CPU
		{8B7C0242-8113-48DB-8FE3-6BE72B616679}.Debug|Any CPU.ActiveCfg = Debug|Any CPU
		{8B7C0242-8113-48DB-8FE3-6BE72B616679}.Debug|Any CPU.Build.0 = Debug|Any CPU
		{8B7C0242-8113-48DB-8FE3-6BE72B616679}.Release|Any CPU.ActiveCfg = Release|Any CPU
		{8B7C0242-8113-48DB-8FE3-6BE72B616679}.Release|Any CPU.Build.0 = Release|Any CPU
	EndGlobalSection
	GlobalSection(SolutionProperties) = preSolution
		HideSolutionNode = FALSE
	EndGlobalSection
	GlobalSection(NestedProjects) = preSolution
		{EF7C4044-51C6-448D-955C-288B7CFCAFB4} = {BDCA4A5C-BD21-4952-AD2D-0FF898C963EB}
		{8B7C0242-8113-48DB-8FE3-6BE72B616679} = {C6A1F4DA-6391-4350-A83E-B80DD24290EB}
	EndGlobalSection
	GlobalSection(ExtensibilityGlobals) = postSolution
		SolutionGuid = {8CDCD3B1-E800-4ED4-83FA-0CB7CF86F63E}
	EndGlobalSection
EndGlobal
